// !$*UTF8*$!
{
	archiveVersion = 1;
	classes = {
	};
	objectVersion = 46;
	objects = {

/* Begin PBXBuildFile section */
		845310C11AB123B000D591A7 /* AppDelegate.swift in Sources */ = {isa = PBXBuildFile; fileRef = 845310C01AB123B000D591A7 /* AppDelegate.swift */; };
		845310C31AB123B000D591A7 /* ViewController.swift in Sources */ = {isa = PBXBuildFile; fileRef = 845310C21AB123B000D591A7 /* ViewController.swift */; };
		845310C61AB123B000D591A7 /* Main.storyboard in Resources */ = {isa = PBXBuildFile; fileRef = 845310C41AB123B000D591A7 /* Main.storyboard */; };
		845310C81AB123B000D591A7 /* Images.xcassets in Resources */ = {isa = PBXBuildFile; fileRef = 845310C71AB123B000D591A7 /* Images.xcassets */; };
		845310CB1AB123B000D591A7 /* LaunchScreen.xib in Resources */ = {isa = PBXBuildFile; fileRef = 845310C91AB123B000D591A7 /* LaunchScreen.xib */; };
		845310D71AB123B000D591A7 /* CalculatorTests.swift in Sources */ = {isa = PBXBuildFile; fileRef = 845310D61AB123B000D591A7 /* CalculatorTests.swift */; };
/* End PBXBuildFile section */

/* Begin PBXContainerItemProxy section */
		845310D11AB123B000D591A7 /* PBXContainerItemProxy */ = {
			isa = PBXContainerItemProxy;
			containerPortal = 845310B31AB123B000D591A7 /* Project object */;
			proxyType = 1;
			remoteGlobalIDString = 845310BA1AB123B000D591A7;
			remoteInfo = Calculator;
		};
/* End PBXContainerItemProxy section */

/* Begin PBXFileReference section */
		845310BB1AB123B000D591A7 /* Calculator.app */ = {isa = PBXFileReference; explicitFileType = wrapper.application; includeInIndex = 0; path = Calculator.app; sourceTree = BUILT_PRODUCTS_DIR; };
		845310BF1AB123B000D591A7 /* Info.plist */ = {isa = PBXFileReference; lastKnownFileType = text.plist.xml; path = Info.plist; sourceTree = "<group>"; };
		845310C01AB123B000D591A7 /* AppDelegate.swift */ = {isa = PBXFileReference; lastKnownFileType = sourcecode.swift; path = AppDelegate.swift; sourceTree = "<group>"; };
		845310C21AB123B000D591A7 /* ViewController.swift */ = {isa = PBXFileReference; lastKnownFileType = sourcecode.swift; path = ViewController.swift; sourceTree = "<group>"; };
		845310C51AB123B000D591A7 /* Base */ = {isa = PBXFileReference; lastKnownFileType = file.storyboard; name = Base; path = Base.lproj/Main.storyboard; sourceTree = "<group>"; };
		845310C71AB123B000D591A7 /* Images.xcassets */ = {isa = PBXFileReference; lastKnownFileType = folder.assetcatalog; path = Images.xcassets; sourceTree = "<group>"; };
		845310CA1AB123B000D591A7 /* Base */ = {isa = PBXFileReference; lastKnownFileType = file.xib; name = Base; path = Base.lproj/LaunchScreen.xib; sourceTree = "<group>"; };
		845310D01AB123B000D591A7 /* CalculatorTests.xctest */ = {isa = PBXFileReference; explicitFileType = wrapper.cfbundle; includeInIndex = 0; path = CalculatorTests.xctest; sourceTree = BUILT_PRODUCTS_DIR; };
		845310D51AB123B000D591A7 /* Info.plist */ = {isa = PBXFileReference; lastKnownFileType = text.plist.xml; path = Info.plist; sourceTree = "<group>"; };
		845310D61AB123B000D591A7 /* CalculatorTests.swift */ = {isa = PBXFileReference; lastKnownFileType = sourcecode.swift; path = CalculatorTests.swift; sourceTree = "<group>"; };
/* End PBXFileReference section */

/* Begin PBXFrameworksBuildPhase section */
		845310B81AB123B000D591A7 /* Frameworks */ = {
			isa = PBXFrameworksBuildPhase;
			buildActionMask = 2147483647;
			files = (
			);
			runOnlyForDeploymentPostprocessing = 0;
		};
		845310CD1AB123B000D591A7 /* Frameworks */ = {
			isa = PBXFrameworksBuildPhase;
			buildActionMask = 2147483647;
			files = (
			);
			runOnlyForDeploymentPostprocessing = 0;
		};
/* End PBXFrameworksBuildPhase section */

/* Begin PBXGroup section */
		845310B21AB123B000D591A7 = {
			isa = PBXGroup;
			children = (
				845310BD1AB123B000D591A7 /* Calculator */,
				845310D31AB123B000D591A7 /* CalculatorTests */,
				845310BC1AB123B000D591A7 /* Products */,
			);
			sourceTree = "<group>";
		};
		845310BC1AB123B000D591A7 /* Products */ = {
			isa = PBXGroup;
			children = (
				845310BB1AB123B000D591A7 /* Calculator.app */,
				845310D01AB123B000D591A7 /* CalculatorTests.xctest */,
			);
			name = Products;
			sourceTree = "<group>";
		};
		845310BD1AB123B000D591A7 /* Calculator */ = {
			isa = PBXGroup;
			children = (
				845310C01AB123B000D591A7 /* AppDelegate.swift */,
				845310C21AB123B000D591A7 /* ViewController.swift */,
				845310C41AB123B000D591A7 /* Main.storyboard */,
				845310C71AB123B000D591A7 /* Images.xcassets */,
				845310C91AB123B000D591A7 /* LaunchScreen.xib */,
				845310BE1AB123B000D591A7 /* Supporting Files */,
			);
			path = Calculator;
			sourceTree = "<group>";
		};
		845310BE1AB123B000D591A7 /* Supporting Files */ = {
			isa = PBXGroup;
			children = (
				845310BF1AB123B000D591A7 /* Info.plist */,
			);
			name = "Supporting Files";
			sourceTree = "<group>";
		};
		845310D31AB123B000D591A7 /* CalculatorTests */ = {
			isa = PBXGroup;
			children = (
				845310D61AB123B000D591A7 /* CalculatorTests.swift */,
				845310D41AB123B000D591A7 /* Supporting Files */,
			);
			path = CalculatorTests;
			sourceTree = "<group>";
		};
		845310D41AB123B000D591A7 /* Supporting Files */ = {
			isa = PBXGroup;
			children = (
				845310D51AB123B000D591A7 /* Info.plist */,
			);
			name = "Supporting Files";
			sourceTree = "<group>";
		};
/* End PBXGroup section */

/* Begin PBXNativeTarget section */
		845310BA1AB123B000D591A7 /* Calculator */ = {
			isa = PBXNativeTarget;
			buildConfigurationList = 845310DA1AB123B000D591A7 /* Build configuration list for PBXNativeTarget "Calculator" */;
			buildPhases = (
				845310B71AB123B000D591A7 /* Sources */,
				845310B81AB123B000D591A7 /* Frameworks */,
				845310B91AB123B000D591A7 /* Resources */,
			);
			buildRules = (
			);
			dependencies = (
			);
			name = Calculator;
			productName = Calculator;
			productReference = 845310BB1AB123B000D591A7 /* Calculator.app */;
			productType = "com.apple.product-type.application";
		};
		845310CF1AB123B000D591A7 /* CalculatorTests */ = {
			isa = PBXNativeTarget;
			buildConfigurationList = 845310DD1AB123B000D591A7 /* Build configuration list for PBXNativeTarget "CalculatorTests" */;
			buildPhases = (
				845310CC1AB123B000D591A7 /* Sources */,
				845310CD1AB123B000D591A7 /* Frameworks */,
				845310CE1AB123B000D591A7 /* Resources */,
			);
			buildRules = (
			);
			dependencies = (
				845310D21AB123B000D591A7 /* PBXTargetDependency */,
			);
			name = CalculatorTests;
			productName = CalculatorTests;
			productReference = 845310D01AB123B000D591A7 /* CalculatorTests.xctest */;
			productType = "com.apple.product-type.bundle.unit-test";
		};
/* End PBXNativeTarget section */

/* Begin PBXProject section */
		845310B31AB123B000D591A7 /* Project object */ = {
			isa = PBXProject;
			attributes = {
				LastUpgradeCheck = 0610;
				ORGANIZATIONNAME = "Matt D";
				TargetAttributes = {
					845310BA1AB123B000D591A7 = {
						CreatedOnToolsVersion = 6.1.1;
					};
					845310CF1AB123B000D591A7 = {
						CreatedOnToolsVersion = 6.1.1;
						TestTargetID = 845310BA1AB123B000D591A7;
					};
				};
			};
			buildConfigurationList = 845310B61AB123B000D591A7 /* Build configuration list for PBXProject "Calculator" */;
			compatibilityVersion = "Xcode 3.2";
			developmentRegion = English;
			hasScannedForEncodings = 0;
			knownRegions = (
				en,
				Base,
			);
			mainGroup = 845310B21AB123B000D591A7;
			productRefGroup = 845310BC1AB123B000D591A7 /* Products */;
			projectDirPath = "";
			projectRoot = "";
			targets = (
				845310BA1AB123B000D591A7 /* Calculator */,
				845310CF1AB123B000D591A7 /* CalculatorTests */,
			);
		};
/* End PBXProject section */

/* Begin PBXResourcesBuildPhase section */
		845310B91AB123B000D591A7 /* Resources */ = {
			isa = PBXResourcesBuildPhase;
			buildActionMask = 2147483647;
			files = (
				845310C61AB123B000D591A7 /* Main.storyboard in Resources */,
				845310CB1AB123B000D591A7 /* LaunchScreen.xib in Resources */,
				845310C81AB123B000D591A7 /* Images.xcassets in Resources */,
			);
			runOnlyForDeploymentPostprocessing = 0;
		};
		845310CE1AB123B000D591A7 /* Resources */ = {
			isa = PBXResourcesBuildPhase;
			buildActionMask = 2147483647;
			files = (
			);
			runOnlyForDeploymentPostprocessing = 0;
		};
/* End PBXResourcesBuildPhase section */

/* Begin PBXSourcesBuildPhase section */
		845310B71AB123B000D591A7 /* Sources */ = {
			isa = PBXSourcesBuildPhase;
			buildActionMask = 2147483647;
			files = (
				845310C31AB123B000D591A7 /* ViewController.swift in Sources */,
				845310C11AB123B000D591A7 /* AppDelegate.swift in Sources */,
			);
			runOnlyForDeploymentPostprocessing = 0;
		};
		845310CC1AB123B000D591A7 /* Sources */ = {
			isa = PBXSourcesBuildPhase;
			buildActionMask = 2147483647;
			files = (
				845310D71AB123B000D591A7 /* CalculatorTests.swift in Sources */,
			);
			runOnlyForDeploymentPostprocessing = 0;
		};
/* End PBXSourcesBuildPhase section */

/* Begin PBXTargetDependency section */
		845310D21AB123B000D591A7 /* PBXTargetDependency */ = {
			isa = PBXTargetDependency;
			target = 845310BA1AB123B000D591A7 /* Calculator */;
			targetProxy = 845310D11AB123B000D591A7 /* PBXContainerItemProxy */;
		};
/* End PBXTargetDependency section */

/* Begin PBXVariantGroup section */
		845310C41AB123B000D591A7 /* Main.storyboard */ = {
			isa = PBXVariantGroup;
			children = (
				845310C51AB123B000D591A7 /* Base */,
			);
			name = Main.storyboard;
			sourceTree = "<group>";
		};
		845310C91AB123B000D591A7 /* LaunchScreen.xib */ = {
			isa = PBXVariantGroup;
			children = (
				845310CA1AB123B000D591A7 /* Base */,
			);
			name = LaunchScreen.xib;
			sourceTree = "<group>";
		};
/* End PBXVariantGroup section */

/* Begin XCBuildConfiguration section */
		845310D81AB123B000D591A7 /* Debug */ = {
			isa = XCBuildConfiguration;
			buildSettings = {
				ALWAYS_SEARCH_USER_PATHS = NO;
				CLANG_CXX_LANGUAGE_STANDARD = "gnu++0x";
				CLANG_CXX_LIBRARY = "libc++";
				CLANG_ENABLE_MODULES = YES;
				CLANG_ENABLE_OBJC_ARC = YES;
				CLANG_WARN_BOOL_CONVERSION = YES;
				CLANG_WARN_CONSTANT_CONVERSION = YES;
				CLANG_WARN_DIRECT_OBJC_ISA_USAGE = YES_ERROR;
				CLANG_WARN_EMPTY_BODY = YES;
				CLANG_WARN_ENUM_CONVERSION = YES;
				CLANG_WARN_INT_CONVERSION = YES;
				CLANG_WARN_OBJC_ROOT_CLASS = YES_ERROR;
				CLANG_WARN_UNREACHABLE_CODE = YES;
				CLANG_WARN__DUPLICATE_METHOD_MATCH = YES;
				"CODE_SIGN_IDENTITY[sdk=iphoneos*]" = "iPhone Developer";
				COPY_PHASE_STRIP = NO;
				ENABLE_STRICT_OBJC_MSGSEND = YES;
				GCC_C_LANGUAGE_STANDARD = gnu99;
				GCC_DYNAMIC_NO_PIC = NO;
				GCC_OPTIMIZATION_LEVEL = 0;
				GCC_PREPROCESSOR_DEFINITIONS = (
					"DEBUG=1",
					"$(inherited)",
				);
				GCC_SYMBOLS_PRIVATE_EXTERN = NO;
				GCC_WARN_64_TO_32_BIT_CONVERSION = YES;
				GCC_WARN_ABOUT_RETURN_TYPE = YES_ERROR;
				GCC_WARN_UNDECLARED_SELECTOR = YES;
				GCC_WARN_UNINITIALIZED_AUTOS = YES_AGGRESSIVE;
				GCC_WARN_UNUSED_FUNCTION = YES;
				GCC_WARN_UNUSED_VARIABLE = YES;
				IPHONEOS_DEPLOYMENT_TARGET = 8.1;
				MTL_ENABLE_DEBUG_INFO = YES;
				ONLY_ACTIVE_ARCH = YES;
				SDKROOT = iphoneos;
				SWIFT_OPTIMIZATION_LEVEL = "-Onone";
				TARGETED_DEVICE_FAMILY = "1,2";
			};
			name = Debug;
		};
		845310D91AB123B000D591A7 /* Release */ = {
			isa = XCBuildConfiguration;
			buildSettings = {
				ALWAYS_SEARCH_USER_PATHS = NO;
				CLANG_CXX_LANGUAGE_STANDARD = "gnu++0x";
				CLANG_CXX_LIBRARY = "libc++";
				CLANG_ENABLE_MODULES = YES;
				CLANG_ENABLE_OBJC_ARC = YES;
				CLANG_WARN_BOOL_CONVERSION = YES;
				CLANG_WARN_CONSTANT_CONVERSION = YES;
				CLANG_WARN_DIRECT_OBJC_ISA_USAGE = YES_ERROR;
				CLANG_WARN_EMPTY_BODY = YES;
				CLANG_WARN_ENUM_CONVERSION = YES;
				CLANG_WARN_INT_CONVERSION = YES;
				CLANG_WARN_OBJC_ROOT_CLASS = YES_ERROR;
				CLANG_WARN_UNREACHABLE_CODE = YES;
				CLANG_WARN__DUPLICATE_METHOD_MATCH = YES;
				"CODE_SIGN_IDENTITY[sdk=iphoneos*]" = "iPhone Developer";
				COPY_PHASE_STRIP = YES;
				ENABLE_NS_ASSERTIONS = NO;
				ENABLE_STRICT_OBJC_MSGSEND = YES;
				GCC_C_LANGUAGE_STANDARD = gnu99;
				GCC_WARN_64_TO_32_BIT_CONVERSION = YES;
				GCC_WARN_ABOUT_RETURN_TYPE = YES_ERROR;
				GCC_WARN_UNDECLARED_SELECTOR = YES;
				GCC_WARN_UNINITIALIZED_AUTOS = YES_AGGRESSIVE;
				GCC_WARN_UNUSED_FUNCTION = YES;
				GCC_WARN_UNUSED_VARIABLE = YES;
				IPHONEOS_DEPLOYMENT_TARGET = 8.1;
				MTL_ENABLE_DEBUG_INFO = NO;
				SDKROOT = iphoneos;
				TARGETED_DEVICE_FAMILY = "1,2";
				VALIDATE_PRODUCT = YES;
			};
			name = Release;
		};
		845310DB1AB123B000D591A7 /* Debug */ = {
			isa = XCBuildConfiguration;
			buildSettings = {
				ASSETCATALOG_COMPILER_APPICON_NAME = AppIcon;
				INFOPLIST_FILE = Calculator/Info.plist;
				LD_RUNPATH_SEARCH_PATHS = "$(inherited) @executable_path/Frameworks";
				PRODUCT_NAME = "$(TARGET_NAME)";
			};
			name = Debug;
		};
		845310DC1AB123B000D591A7 /* Release */ = {
			isa = XCBuildConfiguration;
			buildSettings = {
				ASSETCATALOG_COMPILER_APPICON_NAME = AppIcon;
				INFOPLIST_FILE = Calculator/Info.plist;
				LD_RUNPATH_SEARCH_PATHS = "$(inherited) @executable_path/Frameworks";
				PRODUCT_NAME = "$(TARGET_NAME)";
			};
			name = Release;
		};
		845310DE1AB123B000D591A7 /* Debug */ = {
			isa = XCBuildConfiguration;
			buildSettings = {
				BUNDLE_LOADER = "$(TEST_HOST)";
				FRAMEWORK_SEARCH_PATHS = (
					"$(SDKROOT)/Developer/Library/Frameworks",
					"$(inherited)",
				);
				GCC_PREPROCESSOR_DEFINITIONS = (
					"DEBUG=1",
					"$(inherited)",
				);
				INFOPLIST_FILE = CalculatorTests/Info.plist;
				LD_RUNPATH_SEARCH_PATHS = "$(inherited) @executable_path/Frameworks @loader_path/Frameworks";
				PRODUCT_NAME = "$(TARGET_NAME)";
				TEST_HOST = "$(BUILT_PRODUCTS_DIR)/Calculator.app/Calculator";
			};
			name = Debug;
		};
		845310DF1AB123B000D591A7 /* Release */ = {
			isa = XCBuildConfiguration;
			buildSettings = {
				BUNDLE_LOADER = "$(TEST_HOST)";
				FRAMEWORK_SEARCH_PATHS = (
					"$(SDKROOT)/Developer/Library/Frameworks",
					"$(inherited)",
				);
				INFOPLIST_FILE = CalculatorTests/Info.plist;
				LD_RUNPATH_SEARCH_PATHS = "$(inherited) @executable_path/Frameworks @loader_path/Frameworks";
				PRODUCT_NAME = "$(TARGET_NAME)";
				TEST_HOST = "$(BUILT_PRODUCTS_DIR)/Calculator.app/Calculator";
			};
			name = Release;
		};
/* End XCBuildConfiguration section */

/* Begin XCConfigurationList section */
		845310B61AB123B000D591A7 /* Build configuration list for PBXProject "Calculator" */ = {
			isa = XCConfigurationList;
			buildConfigurations = (
				845310D81AB123B000D591A7 /* Debug */,
				845310D91AB123B000D591A7 /* Release */,
			);
			defaultConfigurationIsVisible = 0;
			defaultConfigurationName = Release;
		};
		845310DA1AB123B000D591A7 /* Build configuration list for PBXNativeTarget "Calculator" */ = {
			isa = XCConfigurationList;
			buildConfigurations = (
				845310DB1AB123B000D591A7 /* Debug */,
				845310DC1AB123B000D591A7 /* Release */,
			);
			defaultConfigurationIsVisible = 0;
		};
		845310DD1AB123B000D591A7 /* Build configuration list for PBXNativeTarget "CalculatorTests" */ = {
			isa = XCConfigurationList;
			buildConfigurations = (
				845310DE1AB123B000D591A7 /* Debug */,
				845310DF1AB123B000D591A7 /* Release */,
			);
			defaultConfigurationIsVisible = 0;
		};
/* End XCConfigurationList section */
	};
	rootObject = 845310B31AB123B000D591A7 /* Project object */;
}
